
Microsoft Visual Studio Solution File, Format Version 12.00
# Visual Studio Version 17
VisualStudioVersion = 17.8.34525.116
MinimumVisualStudioVersion = 10.0.40219.1
Project("{8BC9CEB8-8B4A-11D0-8D11-00A0C91BC942}") = "new_worm", "new_worm\new_worm.vcxproj", "{08C8612D-7E33-446C-8E72-812C42A4EA2D}"
EndProject
Global
	GlobalSection(SolutionConfigurationPlatforms) = preSolution
		Debug|x64 = Debug|x64
		Debug|x86 = Debug|x86
		Release|x64 = Release|x64
		Release|x86 = Release|x86
	EndGlobalSection
	GlobalSection(ProjectConfigurationPlatforms) = postSolution
		{08C8612D-7E33-446C-8E72-812C42A4EA2D}.Debug|x64.ActiveCfg = Debug|x64
		{08C8612D-7E33-446C-8E72-812C42A4EA2D}.Debug|x64.Build.0 = Debug|x64
		{08C8612D-7E33-446C-8E72-812C42A4EA2D}.Debug|x86.ActiveCfg = Debug|Win32
		{08C8612D-7E33-446C-8E72-812C42A4EA2D}.Debug|x86.Build.0 = Debug|Win32
		{08C8612D-7E33-446C-8E72-812C42A4EA2D}.Release|x64.ActiveCfg = Release|x64
		{08C8612D-7E33-446C-8E72-812C42A4EA2D}.Release|x64.Build.0 = Release|x64
		{08C8612D-7E33-446C-8E72-812C42A4EA2D}.Release|x86.ActiveCfg = Release|Win32
		{08C8612D-7E33-446C-8E72-812C42A4EA2D}.Release|x86.Build.0 = Release|Win32
	EndGlobalSection
	GlobalSection(SolutionProperties) = preSolution
		HideSolutionNode = FALSE
	EndGlobalSection
	GlobalSection(ExtensibilityGlobals) = postSolution
		SolutionGuid = {A6944DE4-7E78-42A6-8B9F-62BDFFB96BB5}
	EndGlobalSection
EndGlobal
